
Microsoft Visual Studio Solution File, Format Version 12.00
# Visual Studio Version 17
VisualStudioVersion = 17.10.34928.147
MinimumVisualStudioVersion = 10.0.40219.1
Project("{8BC9CEB8-8B4A-11D0-8D11-00A0C91BC942}") = "Program", "Program.vcxproj", "{45C37583-2563-444A-82FD-C7B1AB5A621A}"
EndProject
Project("{8BC9CEB8-8B4A-11D0-8D11-00A0C91BC942}") = "Class1th (Brute Force)", "Class1th (Brute Force)\Class1th (Brute Force).vcxproj", "{6840E798-4B41-4C29-A370-2F93A3D6CEBA}"
EndProject
Project("{8BC9CEB8-8B4A-11D0-8D11-00A0C91BC942}") = "Class2th (Sieve of Eratosthtenes)", "Class2th (Sieve of Eratosthtenes)\Class2th (Sieve of Eratosthtenes).vcxproj", "{1C3A990B-D488-4F51-85D1-1F7F868C81C3}"
EndProject
Project("{8BC9CEB8-8B4A-11D0-8D11-00A0C91BC942}") = "Class3th (Bubble Sort)", "Class3th (Bubble Sort)\Class3th (Bubble Sort).vcxproj", "{0EEAC627-B66C-47D3-B4D9-F3CC0B292587}"
EndProject
Project("{8BC9CEB8-8B4A-11D0-8D11-00A0C91BC942}") = "Class4th ( Select Sort)", "Class4th ( Select Sort)\Class4th ( Select Sort).vcxproj", "{21D9B9BA-52BE-4900-996B-6EE2E4BE1FDA}"
EndProject
Project("{8BC9CEB8-8B4A-11D0-8D11-00A0C91BC942}") = "Class5th (Insert Sort)", "Class5th (Insert Sort)\Class5th (Insert Sort).vcxproj", "{946AE9F5-700A-4F46-8303-E0B56F4964B9}"
EndProject
Project("{8BC9CEB8-8B4A-11D0-8D11-00A0C91BC942}") = "Class6th (Two Pointer)", "Class6th (Two Pointer)\Class6th (Two Pointer).vcxproj", "{FA865881-269F-4C4C-835E-049836F22F5D}"
EndProject
Project("{8BC9CEB8-8B4A-11D0-8D11-00A0C91BC942}") = "Class7th (Finary Search)", "Class7th (Finary Search)\Class7th (Finary Search).vcxproj", "{BE2129CD-ECB7-4520-8278-446C4102C998}"
EndProject
Project("{8BC9CEB8-8B4A-11D0-8D11-00A0C91BC942}") = "Class8th (Divide & Conquer)", "Class8th (Divide & Qunquer)\Class8th (Divide & Qunquer).vcxproj", "{7C00B8C4-9B56-43E4-BF1D-18A702A6CA92}"
EndProject
Project("{8BC9CEB8-8B4A-11D0-8D11-00A0C91BC942}") = "Class9th (Quick Sort)", "Class9th (Quick Sort)\Class9th (Quick Sort).vcxproj", "{F6C24487-04EC-4B41-B92B-368D8B083B4B}"
EndProject
Project("{8BC9CEB8-8B4A-11D0-8D11-00A0C91BC942}") = "Class10th (Merge Sort)", "Class10th (Merge Sort)\Class10th (Merge Sort).vcxproj", "{143CFF69-F836-4440-A49D-57FF7CB1B910}"
EndProject
Project("{8BC9CEB8-8B4A-11D0-8D11-00A0C91BC942}") = "Class11th ( Dynamic Programming)", "Class11th ( Dynamic Programming)\Class11th ( Dynamic Programming).vcxproj", "{0CB01C8B-B0A0-4221-BB8E-6892DB678A00}"
EndProject
Project("{8BC9CEB8-8B4A-11D0-8D11-00A0C91BC942}") = "Class12th (Greedy)", "Class12th (Greedy)\Class12th (Greedy).vcxproj", "{EEA58FC0-9814-45CF-85C6-1A74DBD1F286}"
EndProject
Project("{8BC9CEB8-8B4A-11D0-8D11-00A0C91BC942}") = "Class13th (Shell Sort)", "Class13th (Shell Sort)\Class13th (Shell Sort).vcxproj", "{ECF14895-ADE8-4457-859F-7C1C4F6D12D8}"
EndProject
Global
	GlobalSection(SolutionConfigurationPlatforms) = preSolution
		Debug|x64 = Debug|x64
		Debug|x86 = Debug|x86
		Release|x64 = Release|x64
		Release|x86 = Release|x86
	EndGlobalSection
	GlobalSection(ProjectConfigurationPlatforms) = postSolution
		{45C37583-2563-444A-82FD-C7B1AB5A621A}.Debug|x64.ActiveCfg = Debug|x64
		{45C37583-2563-444A-82FD-C7B1AB5A621A}.Debug|x64.Build.0 = Debug|x64
		{45C37583-2563-444A-82FD-C7B1AB5A621A}.Debug|x86.ActiveCfg = Debug|Win32
		{45C37583-2563-444A-82FD-C7B1AB5A621A}.Debug|x86.Build.0 = Debug|Win32
		{45C37583-2563-444A-82FD-C7B1AB5A621A}.Release|x64.ActiveCfg = Release|x64
		{45C37583-2563-444A-82FD-C7B1AB5A621A}.Release|x64.Build.0 = Release|x64
		{45C37583-2563-444A-82FD-C7B1AB5A621A}.Release|x86.ActiveCfg = Release|Win32
		{45C37583-2563-444A-82FD-C7B1AB5A621A}.Release|x86.Build.0 = Release|Win32
		{6840E798-4B41-4C29-A370-2F93A3D6CEBA}.Debug|x64.ActiveCfg = Debug|x64
		{6840E798-4B41-4C29-A370-2F93A3D6CEBA}.Debug|x64.Build.0 = Debug|x64
		{6840E798-4B41-4C29-A370-2F93A3D6CEBA}.Debug|x86.ActiveCfg = Debug|Win32
		{6840E798-4B41-4C29-A370-2F93A3D6CEBA}.Debug|x86.Build.0 = Debug|Win32
		{6840E798-4B41-4C29-A370-2F93A3D6CEBA}.Release|x64.ActiveCfg = Release|x64
		{6840E798-4B41-4C29-A370-2F93A3D6CEBA}.Release|x64.Build.0 = Release|x64
		{6840E798-4B41-4C29-A370-2F93A3D6CEBA}.Release|x86.ActiveCfg = Release|Win32
		{6840E798-4B41-4C29-A370-2F93A3D6CEBA}.Release|x86.Build.0 = Release|Win32
		{1C3A990B-D488-4F51-85D1-1F7F868C81C3}.Debug|x64.ActiveCfg = Debug|x64
		{1C3A990B-D488-4F51-85D1-1F7F868C81C3}.Debug|x64.Build.0 = Debug|x64
		{1C3A990B-D488-4F51-85D1-1F7F868C81C3}.Debug|x86.ActiveCfg = Debug|Win32
		{1C3A990B-D488-4F51-85D1-1F7F868C81C3}.Debug|x86.Build.0 = Debug|Win32
		{1C3A990B-D488-4F51-85D1-1F7F868C81C3}.Release|x64.ActiveCfg = Release|x64
		{1C3A990B-D488-4F51-85D1-1F7F868C81C3}.Release|x64.Build.0 = Release|x64
		{1C3A990B-D488-4F51-85D1-1F7F868C81C3}.Release|x86.ActiveCfg = Release|Win32
		{1C3A990B-D488-4F51-85D1-1F7F868C81C3}.Release|x86.Build.0 = Release|Win32
		{0EEAC627-B66C-47D3-B4D9-F3CC0B292587}.Debug|x64.ActiveCfg = Debug|x64
		{0EEAC627-B66C-47D3-B4D9-F3CC0B292587}.Debug|x64.Build.0 = Debug|x64
		{0EEAC627-B66C-47D3-B4D9-F3CC0B292587}.Debug|x86.ActiveCfg = Debug|Win32
		{0EEAC627-B66C-47D3-B4D9-F3CC0B292587}.Debug|x86.Build.0 = Debug|Win32
		{0EEAC627-B66C-47D3-B4D9-F3CC0B292587}.Release|x64.ActiveCfg = Release|x64
		{0EEAC627-B66C-47D3-B4D9-F3CC0B292587}.Release|x64.Build.0 = Release|x64
		{0EEAC627-B66C-47D3-B4D9-F3CC0B292587}.Release|x86.ActiveCfg = Release|Win32
		{0EEAC627-B66C-47D3-B4D9-F3CC0B292587}.Release|x86.Build.0 = Release|Win32
		{21D9B9BA-52BE-4900-996B-6EE2E4BE1FDA}.Debug|x64.ActiveCfg = Debug|x64
		{21D9B9BA-52BE-4900-996B-6EE2E4BE1FDA}.Debug|x64.Build.0 = Debug|x64
		{21D9B9BA-52BE-4900-996B-6EE2E4BE1FDA}.Debug|x86.ActiveCfg = Debug|Win32
		{21D9B9BA-52BE-4900-996B-6EE2E4BE1FDA}.Debug|x86.Build.0 = Debug|Win32
		{21D9B9BA-52BE-4900-996B-6EE2E4BE1FDA}.Release|x64.ActiveCfg = Release|x64
		{21D9B9BA-52BE-4900-996B-6EE2E4BE1FDA}.Release|x64.Build.0 = Release|x64
		{21D9B9BA-52BE-4900-996B-6EE2E4BE1FDA}.Release|x86.ActiveCfg = Release|Win32
		{21D9B9BA-52BE-4900-996B-6EE2E4BE1FDA}.Release|x86.Build.0 = Release|Win32
		{946AE9F5-700A-4F46-8303-E0B56F4964B9}.Debug|x64.ActiveCfg = Debug|x64
		{946AE9F5-700A-4F46-8303-E0B56F4964B9}.Debug|x64.Build.0 = Debug|x64
		{946AE9F5-700A-4F46-8303-E0B56F4964B9}.Debug|x86.ActiveCfg = Debug|Win32
		{946AE9F5-700A-4F46-8303-E0B56F4964B9}.Debug|x86.Build.0 = Debug|Win32
		{946AE9F5-700A-4F46-8303-E0B56F4964B9}.Release|x64.ActiveCfg = Release|x64
		{946AE9F5-700A-4F46-8303-E0B56F4964B9}.Release|x64.Build.0 = Release|x64
		{946AE9F5-700A-4F46-8303-E0B56F4964B9}.Release|x86.ActiveCfg = Release|Win32
		{946AE9F5-700A-4F46-8303-E0B56F4964B9}.Release|x86.Build.0 = Release|Win32
		{FA865881-269F-4C4C-835E-049836F22F5D}.Debug|x64.ActiveCfg = Debug|x64
		{FA865881-269F-4C4C-835E-049836F22F5D}.Debug|x64.Build.0 = Debug|x64
		{FA865881-269F-4C4C-835E-049836F22F5D}.Debug|x86.ActiveCfg = Debug|Win32
		{FA865881-269F-4C4C-835E-049836F22F5D}.Debug|x86.Build.0 = Debug|Win32
		{FA865881-269F-4C4C-835E-049836F22F5D}.Release|x64.ActiveCfg = Release|x64
		{FA865881-269F-4C4C-835E-049836F22F5D}.Release|x64.Build.0 = Release|x64
		{FA865881-269F-4C4C-835E-049836F22F5D}.Release|x86.ActiveCfg = Release|Win32
		{FA865881-269F-4C4C-835E-049836F22F5D}.Release|x86.Build.0 = Release|Win32
		{BE2129CD-ECB7-4520-8278-446C4102C998}.Debug|x64.ActiveCfg = Debug|x64
		{BE2129CD-ECB7-4520-8278-446C4102C998}.Debug|x64.Build.0 = Debug|x64
		{BE2129CD-ECB7-4520-8278-446C4102C998}.Debug|x86.ActiveCfg = Debug|Win32
		{BE2129CD-ECB7-4520-8278-446C4102C998}.Debug|x86.Build.0 = Debug|Win32
		{BE2129CD-ECB7-4520-8278-446C4102C998}.Release|x64.ActiveCfg = Release|x64
		{BE2129CD-ECB7-4520-8278-446C4102C998}.Release|x64.Build.0 = Release|x64
		{BE2129CD-ECB7-4520-8278-446C4102C998}.Release|x86.ActiveCfg = Release|Win32
		{BE2129CD-ECB7-4520-8278-446C4102C998}.Release|x86.Build.0 = Release|Win32
		{7C00B8C4-9B56-43E4-BF1D-18A702A6CA92}.Debug|x64.ActiveCfg = Debug|x64
		{7C00B8C4-9B56-43E4-BF1D-18A702A6CA92}.Debug|x64.Build.0 = Debug|x64
		{7C00B8C4-9B56-43E4-BF1D-18A702A6CA92}.Debug|x86.ActiveCfg = Debug|Win32
		{7C00B8C4-9B56-43E4-BF1D-18A702A6CA92}.Debug|x86.Build.0 = Debug|Win32
		{7C00B8C4-9B56-43E4-BF1D-18A702A6CA92}.Release|x64.ActiveCfg = Release|x64
		{7C00B8C4-9B56-43E4-BF1D-18A702A6CA92}.Release|x64.Build.0 = Release|x64
		{7C00B8C4-9B56-43E4-BF1D-18A702A6CA92}.Release|x86.ActiveCfg = Release|Win32
		{7C00B8C4-9B56-43E4-BF1D-18A702A6CA92}.Release|x86.Build.0 = Release|Win32
		{F6C24487-04EC-4B41-B92B-368D8B083B4B}.Debug|x64.ActiveCfg = Debug|x64
		{F6C24487-04EC-4B41-B92B-368D8B083B4B}.Debug|x64.Build.0 = Debug|x64
		{F6C24487-04EC-4B41-B92B-368D8B083B4B}.Debug|x86.ActiveCfg = Debug|Win32
		{F6C24487-04EC-4B41-B92B-368D8B083B4B}.Debug|x86.Build.0 = Debug|Win32
		{F6C24487-04EC-4B41-B92B-368D8B083B4B}.Release|x64.ActiveCfg = Release|x64
		{F6C24487-04EC-4B41-B92B-368D8B083B4B}.Release|x64.Build.0 = Release|x64
		{F6C24487-04EC-4B41-B92B-368D8B083B4B}.Release|x86.ActiveCfg = Release|Win32
		{F6C24487-04EC-4B41-B92B-368D8B083B4B}.Release|x86.Build.0 = Release|Win32
		{143CFF69-F836-4440-A49D-57FF7CB1B910}.Debug|x64.ActiveCfg = Debug|x64
		{143CFF69-F836-4440-A49D-57FF7CB1B910}.Debug|x64.Build.0 = Debug|x64
		{143CFF69-F836-4440-A49D-57FF7CB1B910}.Debug|x86.ActiveCfg = Debug|Win32
		{143CFF69-F836-4440-A49D-57FF7CB1B910}.Debug|x86.Build.0 = Debug|Win32
		{143CFF69-F836-4440-A49D-57FF7CB1B910}.Release|x64.ActiveCfg = Release|x64
		{143CFF69-F836-4440-A49D-57FF7CB1B910}.Release|x64.Build.0 = Release|x64
		{143CFF69-F836-4440-A49D-57FF7CB1B910}.Release|x86.ActiveCfg = Release|Win32
		{143CFF69-F836-4440-A49D-57FF7CB1B910}.Release|x86.Build.0 = Release|Win32
		{0CB01C8B-B0A0-4221-BB8E-6892DB678A00}.Debug|x64.ActiveCfg = Debug|x64
		{0CB01C8B-B0A0-4221-BB8E-6892DB678A00}.Debug|x64.Build.0 = Debug|x64
		{0CB01C8B-B0A0-4221-BB8E-6892DB678A00}.Debug|x86.ActiveCfg = Debug|Win32
		{0CB01C8B-B0A0-4221-BB8E-6892DB678A00}.Debug|x86.Build.0 = Debug|Win32
		{0CB01C8B-B0A0-4221-BB8E-6892DB678A00}.Release|x64.ActiveCfg = Release|x64
		{0CB01C8B-B0A0-4221-BB8E-6892DB678A00}.Release|x64.Build.0 = Release|x64
		{0CB01C8B-B0A0-4221-BB8E-6892DB678A00}.Release|x86.ActiveCfg = Release|Win32
		{0CB01C8B-B0A0-4221-BB8E-6892DB678A00}.Release|x86.Build.0 = Release|Win32
		{EEA58FC0-9814-45CF-85C6-1A74DBD1F286}.Debug|x64.ActiveCfg = Debug|x64
		{EEA58FC0-9814-45CF-85C6-1A74DBD1F286}.Debug|x64.Build.0 = Debug|x64
		{EEA58FC0-9814-45CF-85C6-1A74DBD1F286}.Debug|x86.ActiveCfg = Debug|Win32
		{EEA58FC0-9814-45CF-85C6-1A74DBD1F286}.Debug|x86.Build.0 = Debug|Win32
		{EEA58FC0-9814-45CF-85C6-1A74DBD1F286}.Release|x64.ActiveCfg = Release|x64
		{EEA58FC0-9814-45CF-85C6-1A74DBD1F286}.Release|x64.Build.0 = Release|x64
		{EEA58FC0-9814-45CF-85C6-1A74DBD1F286}.Release|x86.ActiveCfg = Release|Win32
		{EEA58FC0-9814-45CF-85C6-1A74DBD1F286}.Release|x86.Build.0 = Release|Win32
		{ECF14895-ADE8-4457-859F-7C1C4F6D12D8}.Debug|x64.ActiveCfg = Debug|x64
		{ECF14895-ADE8-4457-859F-7C1C4F6D12D8}.Debug|x64.Build.0 = Debug|x64
		{ECF14895-ADE8-4457-859F-7C1C4F6D12D8}.Debug|x86.ActiveCfg = Debug|Win32
		{ECF14895-ADE8-4457-859F-7C1C4F6D12D8}.Debug|x86.Build.0 = Debug|Win32
		{ECF14895-ADE8-4457-859F-7C1C4F6D12D8}.Release|x64.ActiveCfg = Release|x64
		{ECF14895-ADE8-4457-859F-7C1C4F6D12D8}.Release|x64.Build.0 = Release|x64
		{ECF14895-ADE8-4457-859F-7C1C4F6D12D8}.Release|x86.ActiveCfg = Release|Win32
		{ECF14895-ADE8-4457-859F-7C1C4F6D12D8}.Release|x86.Build.0 = Release|Win32
	EndGlobalSection
	GlobalSection(SolutionProperties) = preSolution
		HideSolutionNode = FALSE
	EndGlobalSection
	GlobalSection(ExtensibilityGlobals) = postSolution
		SolutionGuid = {2EBDF37B-86C9-4CF8-B52C-E48BF89D4A81}
	EndGlobalSection
EndGlobal
